
Microsoft Visual Studio Solution File, Format Version 12.00
# Visual Studio Version 17
VisualStudioVersion = 17.4.33103.184
MinimumVisualStudioVersion = 10.0.40219.1
Project("{9A19103F-16F7-4668-BE54-9A1E7A4F7556}") = "Palindrome.Lib", "Palindrome.Lib\Palindrome.Lib.csproj", "{323626B8-83B9-46C4-8BCD-D89FD75F0250}"
EndProject
Project("{9A19103F-16F7-4668-BE54-9A1E7A4F7556}") = "Palindrome.Tests", "Palindrome.Tests\Palindrome.Tests.csproj", "{8D545BDC-A4BB-4B5F-8930-3914883D71BC}"
EndProject
Global
	GlobalSection(SolutionConfigurationPlatforms) = preSolution
		Debug|Any CPU = Debug|Any CPU
		Release|Any CPU = Release|Any CPU
	EndGlobalSection
	GlobalSection(ProjectConfigurationPlatforms) = postSolution
		{323626B8-83B9-46C4-8BCD-D89FD75F0250}.Debug|Any CPU.ActiveCfg = Debug|Any CPU
		{323626B8-83B9-46C4-8BCD-D89FD75F0250}.Debug|Any CPU.Build.0 = Debug|Any CPU
		{323626B8-83B9-46C4-8BCD-D89FD75F0250}.Release|Any CPU.ActiveCfg = Release|Any CPU
		{323626B8-83B9-46C4-8BCD-D89FD75F0250}.Release|Any CPU.Build.0 = Release|Any CPU
		{8D545BDC-A4BB-4B5F-8930-3914883D71BC}.Debug|Any CPU.ActiveCfg = Debug|Any CPU
		{8D545BDC-A4BB-4B5F-8930-3914883D71BC}.Debug|Any CPU.Build.0 = Debug|Any CPU
		{8D545BDC-A4BB-4B5F-8930-3914883D71BC}.Release|Any CPU.ActiveCfg = Release|Any CPU
		{8D545BDC-A4BB-4B5F-8930-3914883D71BC}.Release|Any CPU.Build.0 = Release|Any CPU
	EndGlobalSection
	GlobalSection(SolutionProperties) = preSolution
		HideSolutionNode = FALSE
	EndGlobalSection
	GlobalSection(ExtensibilityGlobals) = postSolution
		SolutionGuid = {CBC6547C-B4FF-4CE9-A9D7-0D9C72C58784}
	EndGlobalSection
EndGlobal
